# This file is automatically @generated by Cargo.
# It is not intended for manual editing.
version = 4

[[package]]
name = "metrics-log-cli"
version = "0.1.0"
dependencies = [
 "metrics-log-core",
 "metrics-log-fs",
]

[[package]]
name = "metrics-log-core"
version = "0.1.0"

[[package]]
name = "metrics-log-fs"
version = "0.1.0"
dependencies = [
 "metrics-log-core",
]
